# THIS IS AN AUTOGENERATED FILE. DO NOT EDIT THIS FILE DIRECTLY.
# yarn lockfile v1


"@angular-devkit/architect@0.1201.1":
  version "0.1201.1"
  resolved "https://registry.yarnpkg.com/@angular-devkit/architect/-/architect-0.1201.1.tgz#a1cb4e25c53bfc388134f53f5f1d7c5884f0b2c8"
  integrity sha512-n7ycxrIPbtnV7q8PH5Uvs8Jd++u6hWUiB+8EUxznSfdHGA+fE7TTnJTkc27LoMlYZAImc/Axp/uyYZ6Awt72ZQ==
  dependencies:
    "@angular-devkit/core" "12.1.1"
    rxjs "6.6.7"

"@angular-devkit/architect@0.13.9":
  version "0.13.9"
  resolved "https://registry.yarnpkg.com/@angular-devkit/architect/-/architect-0.13.9.tgz#8bbca4b968fccbf88fc2f86542cbee09e1256e1f"
  integrity sha512-EAFtCs9dsGhpMRC45PoYsrkiExpWz9Ax15qXfzwdDRacz5DmdOVt+QpkLW1beUOwiyj/bhFyj23eaONK2RTn/w==
  dependencies:
    "@angular-devkit/core" "7.3.9"
    rxjs "6.3.3"

"@angular-devkit/architect@0.8.9":
  version "0.8.9"
  resolved "https://registry.yarnpkg.com/@angular-devkit/architect/-/architect-0.8.9.tgz#95561f31d28118cc14f674227fe1177d2e864221"
  integrity sha512-2tiGPkvJyFY/G3a27uC8r6Jj3H5m8SxjMqhjNUQ5AtNumweTBPt3YIYMNAvHUmxG0nA9upDolVXFmoQGK9AhKQ==
  dependencies:
    "@angular-devkit/core" "0.8.9"
    rxjs "6.2.2"

"@angular-devkit/build-angular@~0.13.0":
  version "0.13.9"
  resolved "https://registry.yarnpkg.com/@angular-devkit/build-angular/-/build-angular-0.13.9.tgz#92ef7b55a1aa055b2f5c8ffed4bdb04df86db678"
  integrity sha512-onh07LhdxotDFjja0KKsDWNCwgpM/ymuRr5h0e+vT4AgklP2Uioz1CpzVOgxPIKkdVdGR9QgDinVsWAmY90J8g==
  dependencies:
    "@angular-devkit/architect" "0.13.9"
    "@angular-devkit/build-optimizer" "0.13.9"
    "@angular-devkit/build-webpack" "0.13.9"
    "@angular-devkit/core" "7.3.9"
    "@ngtools/webpack" "7.3.9"
    ajv "6.9.1"
    autoprefixer "9.4.6"
    circular-dependency-plugin "5.0.2"
    clean-css "4.2.1"
    copy-webpack-plugin "4.6.0"
    file-loader "3.0.1"
    glob "7.1.3"
    istanbul-instrumenter-loader "3.0.1"
    karma-source-map-support "1.3.0"
    less "3.9.0"
    less-loader "4.1.0"
    license-webpack-plugin "2.1.0"
    loader-utils "1.2.3"
    mini-css-extract-plugin "0.5.0"
    minimatch "3.0.4"
    open "6.0.0"
    parse5 "4.0.0"
    postcss "7.0.14"
    postcss-import "12.0.1"
    postcss-loader "3.0.0"
    raw-loader "1.0.0"
    rxjs "6.3.3"
    sass-loader "7.1.0"
    semver "5.6.0"
    source-map-loader "0.2.4"
    source-map-support "0.5.10"
    speed-measure-webpack-plugin "1.3.1"
    stats-webpack-plugin "0.7.0"
    style-loader "0.23.1"
    stylus "0.54.5"
    stylus-loader "3.0.2"
    terser-webpack-plugin "1.2.2"
    tree-kill "1.2.1"
    webpack "4.29.0"
    webpack-dev-middleware "3.5.1"
    webpack-dev-server "3.1.14"
    webpack-merge "4.2.1"
    webpack-sources "1.3.0"
    webpack-subresource-integrity "1.1.0-rc.6"
  optionalDependencies:
    node-sass "4.12.0"

"@angular-devkit/build-optimizer@0.13.9":
  version "0.13.9"
  resolved "https://registry.yarnpkg.com/@angular-devkit/build-optimizer/-/build-optimizer-0.13.9.tgz#05a25ca7743876987158881585c55dfc478b95bd"
  integrity sha512-GQtCntthQHSBv5l1ZY5p00JOECb/WcE1qUBo5kFjp84z0fszDkhOy52M1kcWCX4PFzJaY4DKk58hbUE/2UN0jw==
  dependencies:
    loader-utils "1.2.3"
    source-map "0.5.6"
    typescript "3.2.4"
    webpack-sources "1.3.0"

"@angular-devkit/build-webpack@0.13.9":
  version "0.13.9"
  resolved "https://registry.yarnpkg.com/@angular-devkit/build-webpack/-/build-webpack-0.13.9.tgz#9fa091d778db752c539e1c585e21ba47d7054672"
  integrity sha512-6ypu6pzNmQxzATF4rTWEhGSl5hyGQ8a/3aCZF/ux+XGc3d4hi2HW+NWlDm1UEna6ZjNtgEPlgfP4q8BKrjRmfA==
  dependencies:
    "@angular-devkit/architect" "0.13.9"
    "@angular-devkit/core" "7.3.9"
    rxjs "6.3.3"

"@angular-devkit/build-webpack@^0.1201.1":
  version "0.1201.1"
  resolved "https://registry.yarnpkg.com/@angular-devkit/build-webpack/-/build-webpack-0.1201.1.tgz#9a4ac9e20bd6b44bc5c77e41054fdd05b0a83b7c"
  integrity sha512-isgj6bSFr16tuXEoX0VypvsQmg3uDOdvYDQZvkwzUrIyvQo5TeoOy/MLgrb9v+tXjEA7oZrzuigE4Hjzn466bQ==
  dependencies:
    "@angular-devkit/architect" "0.1201.1"
    rxjs "6.6.7"

"@angular-devkit/core@0.8.9":
  version "0.8.9"
  resolved "https://registry.yarnpkg.com/@angular-devkit/core/-/core-0.8.9.tgz#87e8a9513e2aae8d43683c31dae494e29b4630c4"
  integrity sha512-Umax3YKBPTQy360TeoSNaIIOJOKoXvN/S2WNTV8wDjSWWNiWLTIlckWMb9DVsafAifjUi0mtOLRFuM4YatKgTw==
  dependencies:
    ajv "6.4.0"
    chokidar "2.0.4"
    rxjs "6.2.2"
    source-map "0.5.7"

"@angular-devkit/core@12.1.1":
  version "12.1.1"
  resolved "https://registry.yarnpkg.com/@angular-devkit/core/-/core-12.1.1.tgz#c5c6aaaebb00adb4b96e8930f5053502599b699f"
  integrity sha512-z5+O3ugXbo8djKPjUtf/UfnYCmco2K1LVhQ6cWLhKi3NKRBiHeNmZh5nAycqFD8/Q+oI/+Ao40MkmkK1Tq0jsw==
  dependencies:
    ajv "8.6.0"
    ajv-formats "2.1.0"
    fast-json-stable-stringify "2.1.0"
    magic-string "0.25.7"
    rxjs "6.6.7"
    source-map "0.7.3"

"@angular-devkit/core@7.3.9":
  version "7.3.9"
  resolved "https://registry.yarnpkg.com/@angular-devkit/core/-/core-7.3.9.tgz#bef2aaa0be7219c546fb99ea0ba9dd3a6dcd288a"
  integrity sha512-SaxD+nKFW3iCBKsxNR7+66J30EexW/y7tm8m5AvUH+GwSAgIj0ZYmRUzFEPggcaLVA4WnE/YWqIXZMJW5dT7gw==
  dependencies:
    ajv "6.9.1"
    chokidar "2.0.4"
    fast-json-stable-stringify "2.0.0"
    rxjs "6.3.3"
    source-map "0.7.3"

"@angular-devkit/schematics@0.8.9":
  version "0.8.9"
  resolved "https://registry.yarnpkg.com/@angular-devkit/schematics/-/schematics-0.8.9.tgz#f6551075d234c30787ba6200cfd4d959170fd843"
  integrity sha512-JZiK1aHJUFV6xDtUMBLoH3cLgi7EtR1bXjNqqa11MAjnHMqzm2GBazPvzGkMwVbCxC1sdYgswwGX9GS2tpHawA==
  dependencies:
    "@angular-devkit/core" "0.8.9"
    rxjs "6.2.2"

"@angular-material-components/datetime-picker@^2.0.4":
  version "2.0.4"
  resolved "https://registry.yarnpkg.com/@angular-material-components/datetime-picker/-/datetime-picker-2.0.4.tgz#3a298eb29fc4a8adbbb70fe09bab0ae916d0c186"
  integrity sha512-3nXGFz7GXbFYeBI2/72rcmPFTWtcC1ERlgdkaY+65dFHXPIc8hKGv6o+JbtCoYPg7xmVCCy4xhmOgfd/CFGyOw==
  dependencies:
    tslib "^1.9.0"

"@angular-material-components/moment-adapter@^5.0.0":
  version "5.0.0"
  resolved "https://registry.yarnpkg.com/@angular-material-components/moment-adapter/-/moment-adapter-5.0.0.tgz#e277b82a4a3554260cd274a1862edf64cc186cac"
  integrity sha512-/9+8b4hpe8GwlgbuXAckDg5ZKms6yDWRKQcyXYuNKC+8Ya6M0M5NHYz3d4YXjJ73xOGURr73NlqZzYsknjYkUQ==
  dependencies:
    tslib "^2.0.0"

"@angular/animations@^7.2.13":
  version "7.2.16"
  resolved "https://registry.yarnpkg.com/@angular/animations/-/animations-7.2.16.tgz#6e3f43df292bc53c3a526dabfd8025b3cd03b070"
  integrity sha512-jH7haM3Hgtn1EW9b0Vfq6UqSz+rx3l7k+gJi9tuHEOPZdBTjtv3sNQxmM0IKxzOuTfM8KhRFkUlzyi43kfdp0w==
  dependencies:
    tslib "^1.9.0"

"@angular/cdk@^7.3.7":
  version "7.3.7"
  resolved "https://registry.yarnpkg.com/@angular/cdk/-/cdk-7.3.7.tgz#ce1ad53ba04beb9c8e950acc5691ea0143753764"
  integrity sha512-xbXxhHHKGkVuW6K7pzPmvpJXIwpl0ykBnvA2g+/7Sgy5Pd35wCC+UtHD9RYczDM/mkygNxMQtagyCErwFnDtQA==
  dependencies:
    tslib "^1.7.1"
  optionalDependencies:
    parse5 "^5.0.0"

"@angular/cli@^6.0.8":
  version "6.2.9"
  resolved "https://registry.yarnpkg.com/@angular/cli/-/cli-6.2.9.tgz#1f00dcfeba93d9eca1f107f5d3c4a6ffb47f7eef"
  integrity sha512-4xuTbmMKGx1bMi0KA3Xmtx/emy10wlSwTXoUijlhd2tcWmlI2wRjAYjR7efSbFo8dVskiq0CyAVFWr1IanYQZw==
  dependencies:
    "@angular-devkit/architect" "0.8.9"
    "@angular-devkit/core" "0.8.9"
    "@angular-devkit/schematics" "0.8.9"
    "@schematics/angular" "0.8.9"
    "@schematics/update" "0.8.9"
    "@yarnpkg/lockfile" "1.1.0"
    ini "1.3.5"
    json-schema-traverse "0.4.1"
    npm-package-arg "6.1.0"
    opn "5.4.0"
    pacote "9.2.3"
    rxjs "6.2.2"
    semver "5.6.0"
    symbol-observable "1.2.0"
    yargs-parser "10.1.0"

"@angular/common@^7.2.13":
  version "7.2.16"
  resolved "https://registry.yarnpkg.com/@angular/common/-/common-7.2.16.tgz#72127b5ed7d75a400c58b9bd6c2cd691f47c8096"
  integrity sha512-lPo2Vt5zmKeKTdMxHMUuViouMiK4QsmO6dGTIhJ7QAx9mov0QYb4sUVKN9Ix32Aeeznaa97qJnhevyDncJqvSA==
  dependencies:
    tslib "^1.9.0"

"@angular/compiler-cli@^7.2.13":
  version "7.2.16"
  resolved "https://registry.yarnpkg.com/@angular/compiler-cli/-/compiler-cli-7.2.16.tgz#7936acb5bcc2e53739c09b475de6eb3b27fea9c9"
  integrity sha512-3PK0Rlepvsy+MSw5oZEl26j+7E1hBI42T5+7hpZxf/c3vcPRORZ71oR3Ez/q51D2rkvovv8m8Ihv0Xjs0xDibQ==
  dependencies:
    canonical-path "1.0.0"
    chokidar "^2.1.1"
    convert-source-map "^1.5.1"
    dependency-graph "^0.7.2"
    magic-string "^0.25.0"
    minimist "^1.2.0"
    reflect-metadata "^0.1.2"
    shelljs "^0.8.1"
    source-map "^0.6.1"
    tslib "^1.9.0"
    yargs "13.1.0"

"@angular/compiler-cli@~7.0.3":
  version "7.0.4"
  resolved "https://registry.yarnpkg.com/@angular/compiler-cli/-/compiler-cli-7.0.4.tgz#f96fc1c0aec27ee97ec5f13a8eb72bc8b964db97"
  integrity sha512-kvhWt6OTb1Uduns9Vm+Dwd/UUBNSEU6Jgu+QOPeHr7lg+4NTyr9uQLU0DtfBP0ljOlds8esmfii5IIFTeUQw1Q==
  dependencies:
    canonical-path "1.0.0"
    chokidar "^1.4.2"
    convert-source-map "^1.5.1"
    dependency-graph "^0.7.2"
    magic-string "^0.25.0"
    minimist "^1.2.0"
    reflect-metadata "^0.1.2"
    shelljs "^0.8.1"
    source-map "^0.6.1"
    tslib "^1.9.0"
    yargs "9.0.1"

"@angular/compiler@^7.2.13":
  version "7.2.16"
  resolved "https://registry.yarnpkg.com/@angular/compiler/-/compiler-7.2.16.tgz#081f58e9f50399ff0eef346fff37c9c6201cda8d"
  integrity sha512-8iX+E9Cnet2167RdP8wM5PGPoEnw/jZNvHrtTRHs4g53n/Rg45iLmE9qFzxCqXGBmUO9LXKYdcXnettFKFLifg==
  dependencies:
    tslib "^1.9.0"

"@angular/core@^7.2.13":
  version "7.2.16"
  resolved "https://registry.yarnpkg.com/@angular/core/-/core-7.2.16.tgz#317f707bc75ca5a90ba470c34e49e6adb7026e85"
  integrity sha512-z1RuBinuYeC4KLv8Z95YOgIQLd4nkoApdxkIZaWALwSkgeBuHJn4bCBn2cL0gJ/KO2x18TiTU5HuC+uyBt0AVQ==
  dependencies:
    tslib "^1.9.0"

"@angular/forms@^7.2.13":
  version "7.2.16"
  resolved "https://registry.yarnpkg.com/@angular/forms/-/forms-7.2.16.tgz#18769a2203edf87a1cc279dc2145da62b82f144e"
  integrity sha512-50JTXco6w1HOi5o6RQ6PVSR0tD4Y2aRcCFBfLXvzDi78aZOSEdOYaSm78RDUNzGCbjwdMCIbX8eOdQgUUtsEFA==
  dependencies:
    tslib "^1.9.0"

"@angular/http@^7.2.13":
  version "7.2.16"
  resolved "https://registry.yarnpkg.com/@angular/http/-/http-7.2.16.tgz#f05337dd56faa86ce05b0dc378218a00fb337040"
  integrity sha512-yvjbNyzFSmmz4UTjCdy5M8mk0cZqf9TvSf8yN5UVIwtw4joyuUdlgJCuin0qSbQOKIf/JjHoofpO2JkPCGSNww==
  dependencies:
    tslib "^1.9.0"

"@angular/language-service@~7.2.0":
  version "7.2.16"
  resolved "https://registry.yarnpkg.com/@angular/language-service/-/language-service-7.2.16.tgz#920805f110e82f16bf3e1606fd423f82a3a7a85b"
  integrity sha512-a/Bqf19+YhqACxQOkpYB0HK/zjHqDrZVUyBtdiX17njuvlWgD4wvdtdxae//ZeIVHNDJS+G5Gelbe+Yzon+VGA==

"@angular/material@^7.3.7":
  version "7.3.7"